<?xml version="1.0" encoding="utf-8"?>
<Project ToolsVersion="4.0" xmlns="http://schemas.microsoft.com/developer/msbuild/2003">
  <ItemGroup>
    <Filter Include="Source Files">
      <UniqueIdentifier>{4FC737F1-C7A5-4376-A066-2A32D752A2FF}</UniqueIdentifier>
      <Extensions>cpp;c;cc;cxx;def;odl;idl;hpj;bat;asm;asmx</Extensions>
    </Filter>
    <Filter Include="Header Files">
      <UniqueIdentifier>{93995380-89BD-4b04-88EB-625FBE52EBFB}</UniqueIdentifier>
      <Extensions>h;hh;hpp;hxx;hm;inl;inc;xsd</Extensions>
    </Filter>
    <Filter Include="Source Files\View">
      <UniqueIdentifier>{12548d77-be3c-47be-8c39-2dee4cfa8f8c}</UniqueIdentifier>
    </Filter>
    <Filter Include="Header Files\View">
      <UniqueIdentifier>{994375ff-7898-4082-ba01-40c77ab23948}</UniqueIdentifier>
    </Filter>
    <Filter Include="Source Files\Main">
      <UniqueIdentifier>{d04cf9a4-0fae-4605-9257-83d6068b5ec0}</UniqueIdentifier>
    </Filter>
    <Filter Include="Header Files\Object">
      <UniqueIdentifier>{0f755eea-3461-4b3f-8602-8f91d399b7ef}</UniqueIdentifier>
    </Filter>
    <Filter Include="Source Files\Object">
      <UniqueIdentifier>{c6fb69fe-8c73-4c7b-90ed-bc259e68bfd8}</UniqueIdentifier>
    </Filter>
  </ItemGroup>
  <ItemGroup>
    <ClCompile Include="Core\Engine.cpp">
      <Filter>Source Files\Main</Filter>
    </ClCompile>
    <ClCompile Include="Object\Entity.cpp">
      <Filter>Source Files\Object</Filter>
    </ClCompile>
    <ClCompile Include="Object\NPC.cpp">
      <Filter>Source Files\Object</Filter>
    </ClCompile>
    <ClCompile Include="Object\Player.cpp">
      <Filter>Source Files\Object</Filter>
    </ClCompile>
    <ClCompile Include="View\Texture.cpp">
      <Filter>Source Files\View</Filter>
    </ClCompile>
    <ClCompile Include="View\Renderer.cpp">
      <Filter>Source Files\View</Filter>
    </ClCompile>
    <ClCompile Include="Object\Prop.cpp">
      <Filter>Source Files\Object</Filter>
    </ClCompile>
    <ClCompile Include="Object\World.cpp">
      <Filter>Source Files\View</Filter>
    </ClCompile>
    <ClCompile Include="Core\SpatialHash.cpp">
      <Filter>Source Files</Filter>
    </ClCompile>
    <ClCompile Include="Core\tgaload.cpp">
      <Filter>Source Files</Filter>
    </ClCompile>
    <ClCompile Include="View\FreeType.cpp">
      <Filter>Source Files</Filter>
    </ClCompile>
  </ItemGroup>
  <ItemGroup>
    <ClInclude Include="Object\Headers\Entity.h">
      <Filter>Header Files\Object</Filter>
    </ClInclude>
    <ClInclude Include="Object\Headers\Player.h">
      <Filter>Header Files\Object</Filter>
    </ClInclude>
    <ClInclude Include="Object\Headers\NPC.h">
      <Filter>Header Files\Object</Filter>
    </ClInclude>
    <ClInclude Include="Object\Headers\Prop.h">
      <Filter>Header Files\Object</Filter>
    </ClInclude>
    <ClInclude Include="View\Headers\Texture.h">
      <Filter>Header Files\View</Filter>
    </ClInclude>
    <ClInclude Include="View\Headers\Renderer.h">
      <Filter>Header Files\View</Filter>
    </ClInclude>
    <ClInclude Include="Object\Headers\World.h">
      <Filter>Header Files\View</Filter>
    </ClInclude>
    <ClInclude Include="Core\SpatialHash.h">
      <Filter>Header Files</Filter>
    </ClInclude>
    <ClInclude Include="View\Headers\nvImage.h">
      <Filter>Header Files</Filter>
    </ClInclude>
    <ClInclude Include="Core\tgaload.h">
      <Filter>Header Files</Filter>
    </ClInclude>
    <ClInclude Include="View\Headers\FreeType.h">
      <Filter>Header Files</Filter>
    </ClInclude>
  </ItemGroup>
  <ItemGroup>
    <None Include="level1.amap" />
  </ItemGroup>
</Project>